<Solution>
  <Project Path="IBTM.Core/IBTM.Core.csproj" />
  <Project Path="IBTM.Device/IBTM.Device.csproj" />
  <Project Path="IBTM.Orchestration/IBTM.Orchestration.csproj" />
  <Project Path="IBTM.Stations.BoltFastening/IBTM.Stations.BoltFastening.csproj" />
  <Project Path="IBTM.Stations.Inspection/IBTM.Stations.Inspection.csproj" />
  <Project Path="IBTM.Stations.PcbPlacement/IBTM.Stations.PcbPlacement.csproj" />
  <Project Path="IBTM/IBTM.csproj" />
</Solution>
