<Solution>
  <Configurations>
    <BuildType Name="Debug" />
    <BuildType Name="Release" />
    <BuildType Name="Virtual" />
  </Configurations>
  <Project Path="IBTM.Ajin.Tests/IBTM.Ajin.Tests.csproj" />
  <Project Path="IBTM.AlphaMotion.Tests/IBTM.AlphaMotion.Tests.csproj" />
  <Project Path="IBTM.Virtual.Tests/IBTM.Virtual.Tests.csproj" />
</Solution>
